// !$*UTF8*$!
{
	archiveVersion = 1;
	classes = {
	};
	objectVersion = 56;
	objects = {

/* Begin PBXBuildFile section */
		37A3A6452C8A773000A58C03 /* TickerBarApp.swift in Sources */ = {isa = PBXBuildFile; fileRef = 37A3A6442C8A773000A58C03 /* TickerBarApp.swift */; };
		37A3A6472C8A773000A58C03 /* ContentView.swift in Sources */ = {isa = PBXBuildFile; fileRef = 37A3A6462C8A773000A58C03 /* ContentView.swift */; };
		37A3A6492C8A773100A58C03 /* Assets.xcassets in Resources */ = {isa = PBXBuildFile; fileRef = 37A3A6482C8A773100A58C03 /* Assets.xcassets */; };
		37A3A64C2C8A773100A58C03 /* Preview Assets.xcassets in Resources */ = {isa = PBXBuildFile; fileRef = 37A3A64B2C8A773100A58C03 /* Preview Assets.xcassets */; };
		37A3A6572C8A773100A58C03 /* TickerBarTests.swift in Sources */ = {isa = PBXBuildFile; fileRef = 37A3A6562C8A773100A58C03 /* TickerBarTests.swift */; };
		37A3A6612C8A773100A58C03 /* TickerBarUITests.swift in Sources */ = {isa = PBXBuildFile; fileRef = 37A3A6602C8A773100A58C03 /* TickerBarUITests.swift */; };
		37A3A6632C8A773100A58C03 /* TickerBarUITestsLaunchTests.swift in Sources */ = {isa = PBXBuildFile; fileRef = 37A3A6622C8A773100A58C03 /* TickerBarUITestsLaunchTests.swift */; };
/* End PBXBuildFile section */

/* Begin PBXContainerItemProxy section */
		37A3A6532C8A773100A58C03 /* PBXContainerItemProxy */ = {
			isa = PBXContainerItemProxy;
			containerPortal = 37A3A6392C8A773000A58C03 /* Project object */;
			proxyType = 1;
			remoteGlobalIDString = 37A3A6402C8A773000A58C03;
			remoteInfo = TickerBar;
		};
		37A3A65D2C8A773100A58C03 /* PBXContainerItemProxy */ = {
			isa = PBXContainerItemProxy;
			containerPortal = 37A3A6392C8A773000A58C03 /* Project object */;
			proxyType = 1;
			remoteGlobalIDString = 37A3A6402C8A773000A58C03;
			remoteInfo = TickerBar;
		};
/* End PBXContainerItemProxy section */

/* Begin PBXFileReference section */
		37A3A6412C8A773000A58C03 /* TickerBar.app */ = {isa = PBXFileReference; explicitFileType = wrapper.application; includeInIndex = 0; path = TickerBar.app; sourceTree = BUILT_PRODUCTS_DIR; };
		37A3A6442C8A773000A58C03 /* TickerBarApp.swift */ = {isa = PBXFileReference; lastKnownFileType = sourcecode.swift; path = TickerBarApp.swift; sourceTree = "<group>"; };
		37A3A6462C8A773000A58C03 /* ContentView.swift */ = {isa = PBXFileReference; lastKnownFileType = sourcecode.swift; path = ContentView.swift; sourceTree = "<group>"; };
		37A3A6482C8A773100A58C03 /* Assets.xcassets */ = {isa = PBXFileReference; lastKnownFileType = folder.assetcatalog; path = Assets.xcassets; sourceTree = "<group>"; };
		37A3A64B2C8A773100A58C03 /* Preview Assets.xcassets */ = {isa = PBXFileReference; lastKnownFileType = folder.assetcatalog; path = "Preview Assets.xcassets"; sourceTree = "<group>"; };
		37A3A64D2C8A773100A58C03 /* TickerBar.entitlements */ = {isa = PBXFileReference; lastKnownFileType = text.plist.entitlements; path = TickerBar.entitlements; sourceTree = "<group>"; };
		37A3A6522C8A773100A58C03 /* TickerBarTests.xctest */ = {isa = PBXFileReference; explicitFileType = wrapper.cfbundle; includeInIndex = 0; path = TickerBarTests.xctest; sourceTree = BUILT_PRODUCTS_DIR; };
		37A3A6562C8A773100A58C03 /* TickerBarTests.swift */ = {isa = PBXFileReference; lastKnownFileType = sourcecode.swift; path = TickerBarTests.swift; sourceTree = "<group>"; };
		37A3A65C2C8A773100A58C03 /* TickerBarUITests.xctest */ = {isa = PBXFileReference; explicitFileType = wrapper.cfbundle; includeInIndex = 0; path = TickerBarUITests.xctest; sourceTree = BUILT_PRODUCTS_DIR; };
		37A3A6602C8A773100A58C03 /* TickerBarUITests.swift */ = {isa = PBXFileReference; lastKnownFileType = sourcecode.swift; path = TickerBarUITests.swift; sourceTree = "<group>"; };
		37A3A6622C8A773100A58C03 /* TickerBarUITestsLaunchTests.swift */ = {isa = PBXFileReference; lastKnownFileType = sourcecode.swift; path = TickerBarUITestsLaunchTests.swift; sourceTree = "<group>"; };
/* End PBXFileReference section */

/* Begin PBXFrameworksBuildPhase section */
		37A3A63E2C8A773000A58C03 /* Frameworks */ = {
			isa = PBXFrameworksBuildPhase;
			buildActionMask = 2147483647;
			files = (
			);
			runOnlyForDeploymentPostprocessing = 0;
		};
		37A3A64F2C8A773100A58C03 /* Frameworks */ = {
			isa = PBXFrameworksBuildPhase;
			buildActionMask = 2147483647;
			files = (
			);
			runOnlyForDeploymentPostprocessing = 0;
		};
		37A3A6592C8A773100A58C03 /* Frameworks */ = {
			isa = PBXFrameworksBuildPhase;
			buildActionMask = 2147483647;
			files = (
			);
			runOnlyForDeploymentPostprocessing = 0;
		};
/* End PBXFrameworksBuildPhase section */

/* Begin PBXGroup section */
		37A3A6382C8A773000A58C03 = {
			isa = PBXGroup;
			children = (
				37A3A6432C8A773000A58C03 /* TickerBar */,
				37A3A6552C8A773100A58C03 /* TickerBarTests */,
				37A3A65F2C8A773100A58C03 /* TickerBarUITests */,
				37A3A6422C8A773000A58C03 /* Products */,
			);
			sourceTree = "<group>";
		};
		37A3A6422C8A773000A58C03 /* Products */ = {
			isa = PBXGroup;
			children = (
				37A3A6412C8A773000A58C03 /* TickerBar.app */,
				37A3A6522C8A773100A58C03 /* TickerBarTests.xctest */,
				37A3A65C2C8A773100A58C03 /* TickerBarUITests.xctest */,
			);
			name = Products;
			sourceTree = "<group>";
		};
		37A3A6432C8A773000A58C03 /* TickerBar */ = {
			isa = PBXGroup;
			children = (
				37A3A6442C8A773000A58C03 /* TickerBarApp.swift */,
				37A3A6462C8A773000A58C03 /* ContentView.swift */,
				37A3A6482C8A773100A58C03 /* Assets.xcassets */,
				37A3A64D2C8A773100A58C03 /* TickerBar.entitlements */,
				37A3A64A2C8A773100A58C03 /* Preview Content */,
			);
			path = TickerBar;
			sourceTree = "<group>";
		};
		37A3A64A2C8A773100A58C03 /* Preview Content */ = {
			isa = PBXGroup;
			children = (
				37A3A64B2C8A773100A58C03 /* Preview Assets.xcassets */,
			);
			path = "Preview Content";
			sourceTree = "<group>";
		};
		37A3A6552C8A773100A58C03 /* TickerBarTests */ = {
			isa = PBXGroup;
			children = (
				37A3A6562C8A773100A58C03 /* TickerBarTests.swift */,
			);
			path = TickerBarTests;
			sourceTree = "<group>";
		};
		37A3A65F2C8A773100A58C03 /* TickerBarUITests */ = {
			isa = PBXGroup;
			children = (
				37A3A6602C8A773100A58C03 /* TickerBarUITests.swift */,
				37A3A6622C8A773100A58C03 /* TickerBarUITestsLaunchTests.swift */,
			);
			path = TickerBarUITests;
			sourceTree = "<group>";
		};
/* End PBXGroup section */

/* Begin PBXNativeTarget section */
		37A3A6402C8A773000A58C03 /* TickerBar */ = {
			isa = PBXNativeTarget;
			buildConfigurationList = 37A3A6662C8A773100A58C03 /* Build configuration list for PBXNativeTarget "TickerBar" */;
			buildPhases = (
				37A3A63D2C8A773000A58C03 /* Sources */,
				37A3A63E2C8A773000A58C03 /* Frameworks */,
				37A3A63F2C8A773000A58C03 /* Resources */,
			);
			buildRules = (
			);
			dependencies = (
			);
			name = TickerBar;
			productName = TickerBar;
			productReference = 37A3A6412C8A773000A58C03 /* TickerBar.app */;
			productType = "com.apple.product-type.application";
		};
		37A3A6512C8A773100A58C03 /* TickerBarTests */ = {
			isa = PBXNativeTarget;
			buildConfigurationList = 37A3A6692C8A773100A58C03 /* Build configuration list for PBXNativeTarget "TickerBarTests" */;
			buildPhases = (
				37A3A64E2C8A773100A58C03 /* Sources */,
				37A3A64F2C8A773100A58C03 /* Frameworks */,
				37A3A6502C8A773100A58C03 /* Resources */,
			);
			buildRules = (
			);
			dependencies = (
				37A3A6542C8A773100A58C03 /* PBXTargetDependency */,
			);
			name = TickerBarTests;
			productName = TickerBarTests;
			productReference = 37A3A6522C8A773100A58C03 /* TickerBarTests.xctest */;
			productType = "com.apple.product-type.bundle.unit-test";
		};
		37A3A65B2C8A773100A58C03 /* TickerBarUITests */ = {
			isa = PBXNativeTarget;
			buildConfigurationList = 37A3A66C2C8A773100A58C03 /* Build configuration list for PBXNativeTarget "TickerBarUITests" */;
			buildPhases = (
				37A3A6582C8A773100A58C03 /* Sources */,
				37A3A6592C8A773100A58C03 /* Frameworks */,
				37A3A65A2C8A773100A58C03 /* Resources */,
			);
			buildRules = (
			);
			dependencies = (
				37A3A65E2C8A773100A58C03 /* PBXTargetDependency */,
			);
			name = TickerBarUITests;
			productName = TickerBarUITests;
			productReference = 37A3A65C2C8A773100A58C03 /* TickerBarUITests.xctest */;
			productType = "com.apple.product-type.bundle.ui-testing";
		};
/* End PBXNativeTarget section */

/* Begin PBXProject section */
		37A3A6392C8A773000A58C03 /* Project object */ = {
			isa = PBXProject;
			attributes = {
				BuildIndependentTargetsInParallel = 1;
				LastSwiftUpdateCheck = 1540;
				LastUpgradeCheck = 1540;
				TargetAttributes = {
					37A3A6402C8A773000A58C03 = {
						CreatedOnToolsVersion = 15.4;
					};
					37A3A6512C8A773100A58C03 = {
						CreatedOnToolsVersion = 15.4;
						TestTargetID = 37A3A6402C8A773000A58C03;
					};
					37A3A65B2C8A773100A58C03 = {
						CreatedOnToolsVersion = 15.4;
						TestTargetID = 37A3A6402C8A773000A58C03;
					};
				};
			};
			buildConfigurationList = 37A3A63C2C8A773000A58C03 /* Build configuration list for PBXProject "TickerBar" */;
			compatibilityVersion = "Xcode 14.0";
			developmentRegion = en;
			hasScannedForEncodings = 0;
			knownRegions = (
				en,
				Base,
			);
			mainGroup = 37A3A6382C8A773000A58C03;
			productRefGroup = 37A3A6422C8A773000A58C03 /* Products */;
			projectDirPath = "";
			projectRoot = "";
			targets = (
				37A3A6402C8A773000A58C03 /* TickerBar */,
				37A3A6512C8A773100A58C03 /* TickerBarTests */,
				37A3A65B2C8A773100A58C03 /* TickerBarUITests */,
			);
		};
/* End PBXProject section */

/* Begin PBXResourcesBuildPhase section */
		37A3A63F2C8A773000A58C03 /* Resources */ = {
			isa = PBXResourcesBuildPhase;
			buildActionMask = 2147483647;
			files = (
				37A3A64C2C8A773100A58C03 /* Preview Assets.xcassets in Resources */,
				37A3A6492C8A773100A58C03 /* Assets.xcassets in Resources */,
			);
			runOnlyForDeploymentPostprocessing = 0;
		};
		37A3A6502C8A773100A58C03 /* Resources */ = {
			isa = PBXResourcesBuildPhase;
			buildActionMask = 2147483647;
			files = (
			);
			runOnlyForDeploymentPostprocessing = 0;
		};
		37A3A65A2C8A773100A58C03 /* Resources */ = {
			isa = PBXResourcesBuildPhase;
			buildActionMask = 2147483647;
			files = (
			);
			runOnlyForDeploymentPostprocessing = 0;
		};
/* End PBXResourcesBuildPhase section */

/* Begin PBXSourcesBuildPhase section */
		37A3A63D2C8A773000A58C03 /* Sources */ = {
			isa = PBXSourcesBuildPhase;
			buildActionMask = 2147483647;
			files = (
				37A3A6472C8A773000A58C03 /* ContentView.swift in Sources */,
				37A3A6452C8A773000A58C03 /* TickerBarApp.swift in Sources */,
			);
			runOnlyForDeploymentPostprocessing = 0;
		};
		37A3A64E2C8A773100A58C03 /* Sources */ = {
			isa = PBXSourcesBuildPhase;
			buildActionMask = 2147483647;
			files = (
				37A3A6572C8A773100A58C03 /* TickerBarTests.swift in Sources */,
			);
			runOnlyForDeploymentPostprocessing = 0;
		};
		37A3A6582C8A773100A58C03 /* Sources */ = {
			isa = PBXSourcesBuildPhase;
			buildActionMask = 2147483647;
			files = (
				37A3A6632C8A773100A58C03 /* TickerBarUITestsLaunchTests.swift in Sources */,
				37A3A6612C8A773100A58C03 /* TickerBarUITests.swift in Sources */,
			);
			runOnlyForDeploymentPostprocessing = 0;
		};
/* End PBXSourcesBuildPhase section */

/* Begin PBXTargetDependency section */
		37A3A6542C8A773100A58C03 /* PBXTargetDependency */ = {
			isa = PBXTargetDependency;
			target = 37A3A6402C8A773000A58C03 /* TickerBar */;
			targetProxy = 37A3A6532C8A773100A58C03 /* PBXContainerItemProxy */;
		};
		37A3A65E2C8A773100A58C03 /* PBXTargetDependency */ = {
			isa = PBXTargetDependency;
			target = 37A3A6402C8A773000A58C03 /* TickerBar */;
			targetProxy = 37A3A65D2C8A773100A58C03 /* PBXContainerItemProxy */;
		};
/* End PBXTargetDependency section */

/* Begin XCBuildConfiguration section */
		37A3A6642C8A773100A58C03 /* Debug */ = {
			isa = XCBuildConfiguration;
			buildSettings = {
				ALWAYS_SEARCH_USER_PATHS = NO;
				ASSETCATALOG_COMPILER_GENERATE_SWIFT_ASSET_SYMBOL_EXTENSIONS = YES;
				CLANG_ANALYZER_NONNULL = YES;
				CLANG_ANALYZER_NUMBER_OBJECT_CONVERSION = YES_AGGRESSIVE;
				CLANG_CXX_LANGUAGE_STANDARD = "gnu++20";
				CLANG_ENABLE_MODULES = YES;
				CLANG_ENABLE_OBJC_ARC = YES;
				CLANG_ENABLE_OBJC_WEAK = YES;
				CLANG_WARN_BLOCK_CAPTURE_AUTORELEASING = YES;
				CLANG_WARN_BOOL_CONVERSION = YES;
				CLANG_WARN_COMMA = YES;
				CLANG_WARN_CONSTANT_CONVERSION = YES;
				CLANG_WARN_DEPRECATED_OBJC_IMPLEMENTATIONS = YES;
				CLANG_WARN_DIRECT_OBJC_ISA_USAGE = YES_ERROR;
				CLANG_WARN_DOCUMENTATION_COMMENTS = YES;
				CLANG_WARN_EMPTY_BODY = YES;
				CLANG_WARN_ENUM_CONVERSION = YES;
				CLANG_WARN_INFINITE_RECURSION = YES;
				CLANG_WARN_INT_CONVERSION = YES;
				CLANG_WARN_NON_LITERAL_NULL_CONVERSION = YES;
				CLANG_WARN_OBJC_IMPLICIT_RETAIN_SELF = YES;
				CLANG_WARN_OBJC_LITERAL_CONVERSION = YES;
				CLANG_WARN_OBJC_ROOT_CLASS = YES_ERROR;
				CLANG_WARN_QUOTED_INCLUDE_IN_FRAMEWORK_HEADER = YES;
				CLANG_WARN_RANGE_LOOP_ANALYSIS = YES;
				CLANG_WARN_STRICT_PROTOTYPES = YES;
				CLANG_WARN_SUSPICIOUS_MOVE = YES;
				CLANG_WARN_UNGUARDED_AVAILABILITY = YES_AGGRESSIVE;
				CLANG_WARN_UNREACHABLE_CODE = YES;
				CLANG_WARN__DUPLICATE_METHOD_MATCH = YES;
				COPY_PHASE_STRIP = NO;
				DEBUG_INFORMATION_FORMAT = dwarf;
				ENABLE_STRICT_OBJC_MSGSEND = YES;
				ENABLE_TESTABILITY = YES;
				ENABLE_USER_SCRIPT_SANDBOXING = YES;
				GCC_C_LANGUAGE_STANDARD = gnu17;
				GCC_DYNAMIC_NO_PIC = NO;
				GCC_NO_COMMON_BLOCKS = YES;
				GCC_OPTIMIZATION_LEVEL = 0;
				GCC_PREPROCESSOR_DEFINITIONS = (
					"DEBUG=1",
					"$(inherited)",
				);
				GCC_WARN_64_TO_32_BIT_CONVERSION = YES;
				GCC_WARN_ABOUT_RETURN_TYPE = YES_ERROR;
				GCC_WARN_UNDECLARED_SELECTOR = YES;
				GCC_WARN_UNINITIALIZED_AUTOS = YES_AGGRESSIVE;
				GCC_WARN_UNUSED_FUNCTION = YES;
				GCC_WARN_UNUSED_VARIABLE = YES;
				LOCALIZATION_PREFERS_STRING_CATALOGS = YES;
				MACOSX_DEPLOYMENT_TARGET = 14.3;
				MTL_ENABLE_DEBUG_INFO = INCLUDE_SOURCE;
				MTL_FAST_MATH = YES;
				ONLY_ACTIVE_ARCH = YES;
				SDKROOT = macosx;
				SWIFT_ACTIVE_COMPILATION_CONDITIONS = "DEBUG $(inherited)";
				SWIFT_OPTIMIZATION_LEVEL = "-Onone";
			};
			name = Debug;
		};
		37A3A6652C8A773100A58C03 /* Release */ = {
			isa = XCBuildConfiguration;
			buildSettings = {
				ALWAYS_SEARCH_USER_PATHS = NO;
				ASSETCATALOG_COMPILER_GENERATE_SWIFT_ASSET_SYMBOL_EXTENSIONS = YES;
				CLANG_ANALYZER_NONNULL = YES;
				CLANG_ANALYZER_NUMBER_OBJECT_CONVERSION = YES_AGGRESSIVE;
				CLANG_CXX_LANGUAGE_STANDARD = "gnu++20";
				CLANG_ENABLE_MODULES = YES;
				CLANG_ENABLE_OBJC_ARC = YES;
				CLANG_ENABLE_OBJC_WEAK = YES;
				CLANG_WARN_BLOCK_CAPTURE_AUTORELEASING = YES;
				CLANG_WARN_BOOL_CONVERSION = YES;
				CLANG_WARN_COMMA = YES;
				CLANG_WARN_CONSTANT_CONVERSION = YES;
				CLANG_WARN_DEPRECATED_OBJC_IMPLEMENTATIONS = YES;
				CLANG_WARN_DIRECT_OBJC_ISA_USAGE = YES_ERROR;
				CLANG_WARN_DOCUMENTATION_COMMENTS = YES;
				CLANG_WARN_EMPTY_BODY = YES;
				CLANG_WARN_ENUM_CONVERSION = YES;
				CLANG_WARN_INFINITE_RECURSION = YES;
				CLANG_WARN_INT_CONVERSION = YES;
				CLANG_WARN_NON_LITERAL_NULL_CONVERSION = YES;
				CLANG_WARN_OBJC_IMPLICIT_RETAIN_SELF = YES;
				CLANG_WARN_OBJC_LITERAL_CONVERSION = YES;
				CLANG_WARN_OBJC_ROOT_CLASS = YES_ERROR;
				CLANG_WARN_QUOTED_INCLUDE_IN_FRAMEWORK_HEADER = YES;
				CLANG_WARN_RANGE_LOOP_ANALYSIS = YES;
				CLANG_WARN_STRICT_PROTOTYPES = YES;
				CLANG_WARN_SUSPICIOUS_MOVE = YES;
				CLANG_WARN_UNGUARDED_AVAILABILITY = YES_AGGRESSIVE;
				CLANG_WARN_UNREACHABLE_CODE = YES;
				CLANG_WARN__DUPLICATE_METHOD_MATCH = YES;
				COPY_PHASE_STRIP = NO;
				DEBUG_INFORMATION_FORMAT = "dwarf-with-dsym";
				ENABLE_NS_ASSERTIONS = NO;
				ENABLE_STRICT_OBJC_MSGSEND = YES;
				ENABLE_USER_SCRIPT_SANDBOXING = YES;
				GCC_C_LANGUAGE_STANDARD = gnu17;
				GCC_NO_COMMON_BLOCKS = YES;
				GCC_WARN_64_TO_32_BIT_CONVERSION = YES;
				GCC_WARN_ABOUT_RETURN_TYPE = YES_ERROR;
				GCC_WARN_UNDECLARED_SELECTOR = YES;
				GCC_WARN_UNINITIALIZED_AUTOS = YES_AGGRESSIVE;
				GCC_WARN_UNUSED_FUNCTION = YES;
				GCC_WARN_UNUSED_VARIABLE = YES;
				LOCALIZATION_PREFERS_STRING_CATALOGS = YES;
				MACOSX_DEPLOYMENT_TARGET = 14.3;
				MTL_ENABLE_DEBUG_INFO = NO;
				MTL_FAST_MATH = YES;
				SDKROOT = macosx;
				SWIFT_COMPILATION_MODE = wholemodule;
			};
			name = Release;
		};
		37A3A6672C8A773100A58C03 /* Debug */ = {
			isa = XCBuildConfiguration;
			buildSettings = {
				ASSETCATALOG_COMPILER_APPICON_NAME = AppIcon;
				ASSETCATALOG_COMPILER_GLOBAL_ACCENT_COLOR_NAME = AccentColor;
				CODE_SIGN_ENTITLEMENTS = TickerBar/TickerBar.entitlements;
				CODE_SIGN_STYLE = Automatic;
				COMBINE_HIDPI_IMAGES = YES;
				CURRENT_PROJECT_VERSION = 1;
				DEVELOPMENT_ASSET_PATHS = "\"TickerBar/Preview Content\"";
				DEVELOPMENT_TEAM = 2ZG7GUFRZ7;
				ENABLE_HARDENED_RUNTIME = YES;
				ENABLE_PREVIEWS = YES;
				GENERATE_INFOPLIST_FILE = YES;
				INFOPLIST_KEY_NSHumanReadableCopyright = "";
				LD_RUNPATH_SEARCH_PATHS = (
					"$(inherited)",
					"@executable_path/../Frameworks",
				);
				MARKETING_VERSION = 1.0;
				PRODUCT_BUNDLE_IDENTIFIER = WIFs.TickerBar;
				PRODUCT_NAME = "$(TARGET_NAME)";
				SWIFT_EMIT_LOC_STRINGS = YES;
				SWIFT_VERSION = 5.0;
			};
			name = Debug;
		};
		37A3A6682C8A773100A58C03 /* Release */ = {
			isa = XCBuildConfiguration;
			buildSettings = {
				ASSETCATALOG_COMPILER_APPICON_NAME = AppIcon;
				ASSETCATALOG_COMPILER_GLOBAL_ACCENT_COLOR_NAME = AccentColor;
				CODE_SIGN_ENTITLEMENTS = TickerBar/TickerBar.entitlements;
				CODE_SIGN_STYLE = Automatic;
				COMBINE_HIDPI_IMAGES = YES;
				CURRENT_PROJECT_VERSION = 1;
				DEVELOPMENT_ASSET_PATHS = "\"TickerBar/Preview Content\"";
				DEVELOPMENT_TEAM = 2ZG7GUFRZ7;
				ENABLE_HARDENED_RUNTIME = YES;
				ENABLE_PREVIEWS = YES;
				GENERATE_INFOPLIST_FILE = YES;
				INFOPLIST_KEY_NSHumanReadableCopyright = "";
				LD_RUNPATH_SEARCH_PATHS = (
					"$(inherited)",
					"@executable_path/../Frameworks",
				);
				MARKETING_VERSION = 1.0;
				PRODUCT_BUNDLE_IDENTIFIER = WIFs.TickerBar;
				PRODUCT_NAME = "$(TARGET_NAME)";
				SWIFT_EMIT_LOC_STRINGS = YES;
				SWIFT_VERSION = 5.0;
			};
			name = Release;
		};
		37A3A66A2C8A773100A58C03 /* Debug */ = {
			isa = XCBuildConfiguration;
			buildSettings = {
				ALWAYS_EMBED_SWIFT_STANDARD_LIBRARIES = YES;
				BUNDLE_LOADER = "$(TEST_HOST)";
				CODE_SIGN_STYLE = Automatic;
				CURRENT_PROJECT_VERSION = 1;
				DEVELOPMENT_TEAM = 2ZG7GUFRZ7;
				GENERATE_INFOPLIST_FILE = YES;
				MACOSX_DEPLOYMENT_TARGET = 14.3;
				MARKETING_VERSION = 1.0;
				PRODUCT_BUNDLE_IDENTIFIER = WIFs.TickerBarTests;
				PRODUCT_NAME = "$(TARGET_NAME)";
				SWIFT_EMIT_LOC_STRINGS = NO;
				SWIFT_VERSION = 5.0;
				TEST_HOST = "$(BUILT_PRODUCTS_DIR)/TickerBar.app/$(BUNDLE_EXECUTABLE_FOLDER_PATH)/TickerBar";
			};
			name = Debug;
		};
		37A3A66B2C8A773100A58C03 /* Release */ = {
			isa = XCBuildConfiguration;
			buildSettings = {
				ALWAYS_EMBED_SWIFT_STANDARD_LIBRARIES = YES;
				BUNDLE_LOADER = "$(TEST_HOST)";
				CODE_SIGN_STYLE = Automatic;
				CURRENT_PROJECT_VERSION = 1;
				DEVELOPMENT_TEAM = 2ZG7GUFRZ7;
				GENERATE_INFOPLIST_FILE = YES;
				MACOSX_DEPLOYMENT_TARGET = 14.3;
				MARKETING_VERSION = 1.0;
				PRODUCT_BUNDLE_IDENTIFIER = WIFs.TickerBarTests;
				PRODUCT_NAME = "$(TARGET_NAME)";
				SWIFT_EMIT_LOC_STRINGS = NO;
				SWIFT_VERSION = 5.0;
				TEST_HOST = "$(BUILT_PRODUCTS_DIR)/TickerBar.app/$(BUNDLE_EXECUTABLE_FOLDER_PATH)/TickerBar";
			};
			name = Release;
		};
		37A3A66D2C8A773100A58C03 /* Debug */ = {
			isa = XCBuildConfiguration;
			buildSettings = {
				ALWAYS_EMBED_SWIFT_STANDARD_LIBRARIES = YES;
				CODE_SIGN_STYLE = Automatic;
				CURRENT_PROJECT_VERSION = 1;
				DEVELOPMENT_TEAM = 2ZG7GUFRZ7;
				GENERATE_INFOPLIST_FILE = YES;
				MARKETING_VERSION = 1.0;
				PRODUCT_BUNDLE_IDENTIFIER = WIFs.TickerBarUITests;
				PRODUCT_NAME = "$(TARGET_NAME)";
				SWIFT_EMIT_LOC_STRINGS = NO;
				SWIFT_VERSION = 5.0;
				TEST_TARGET_NAME = TickerBar;
			};
			name = Debug;
		};
		37A3A66E2C8A773100A58C03 /* Release */ = {
			isa = XCBuildConfiguration;
			buildSettings = {
				ALWAYS_EMBED_SWIFT_STANDARD_LIBRARIES = YES;
				CODE_SIGN_STYLE = Automatic;
				CURRENT_PROJECT_VERSION = 1;
				DEVELOPMENT_TEAM = 2ZG7GUFRZ7;
				GENERATE_INFOPLIST_FILE = YES;
				MARKETING_VERSION = 1.0;
				PRODUCT_BUNDLE_IDENTIFIER = WIFs.TickerBarUITests;
				PRODUCT_NAME = "$(TARGET_NAME)";
				SWIFT_EMIT_LOC_STRINGS = NO;
				SWIFT_VERSION = 5.0;
				TEST_TARGET_NAME = TickerBar;
			};
			name = Release;
		};
/* End XCBuildConfiguration section */

/* Begin XCConfigurationList section */
		37A3A63C2C8A773000A58C03 /* Build configuration list for PBXProject "TickerBar" */ = {
			isa = XCConfigurationList;
			buildConfigurations = (
				37A3A6642C8A773100A58C03 /* Debug */,
				37A3A6652C8A773100A58C03 /* Release */,
			);
			defaultConfigurationIsVisible = 0;
			defaultConfigurationName = Release;
		};
		37A3A6662C8A773100A58C03 /* Build configuration list for PBXNativeTarget "TickerBar" */ = {
			isa = XCConfigurationList;
			buildConfigurations = (
				37A3A6672C8A773100A58C03 /* Debug */,
				37A3A6682C8A773100A58C03 /* Release */,
			);
			defaultConfigurationIsVisible = 0;
			defaultConfigurationName = Release;
		};
		37A3A6692C8A773100A58C03 /* Build configuration list for PBXNativeTarget "TickerBarTests" */ = {
			isa = XCConfigurationList;
			buildConfigurations = (
				37A3A66A2C8A773100A58C03 /* Debug */,
				37A3A66B2C8A773100A58C03 /* Release */,
			);
			defaultConfigurationIsVisible = 0;
			defaultConfigurationName = Release;
		};
		37A3A66C2C8A773100A58C03 /* Build configuration list for PBXNativeTarget "TickerBarUITests" */ = {
			isa = XCConfigurationList;
			buildConfigurations = (
				37A3A66D2C8A773100A58C03 /* Debug */,
				37A3A66E2C8A773100A58C03 /* Release */,
			);
			defaultConfigurationIsVisible = 0;
			defaultConfigurationName = Release;
		};
/* End XCConfigurationList section */
	};
	rootObject = 37A3A6392C8A773000A58C03 /* Project object */;
}
